
Microsoft Visual Studio Solution File, Format Version 12.00
# Visual Studio Version 17
VisualStudioVersion = 17.5.33516.290
MinimumVisualStudioVersion = 10.0.40219.1
Project("{FAE04EC0-301F-11D3-BF4B-00C04F79EFBC}") = "Lab5Math", "Lab5Math.csproj", "{BDF6950A-231C-4D5F-AFFA-E882A364991A}"
EndProject
Global
	GlobalSection(SolutionConfigurationPlatforms) = preSolution
		Debug|Any CPU = Debug|Any CPU
		Release|Any CPU = Release|Any CPU
	EndGlobalSection
	GlobalSection(ProjectConfigurationPlatforms) = postSolution
		{BDF6950A-231C-4D5F-AFFA-E882A364991A}.Debug|Any CPU.ActiveCfg = Debug|Any CPU
		{BDF6950A-231C-4D5F-AFFA-E882A364991A}.Debug|Any CPU.Build.0 = Debug|Any CPU
		{BDF6950A-231C-4D5F-AFFA-E882A364991A}.Release|Any CPU.ActiveCfg = Release|Any CPU
		{BDF6950A-231C-4D5F-AFFA-E882A364991A}.Release|Any CPU.Build.0 = Release|Any CPU
	EndGlobalSection
	GlobalSection(SolutionProperties) = preSolution
		HideSolutionNode = FALSE
	EndGlobalSection
	GlobalSection(ExtensibilityGlobals) = postSolution
		SolutionGuid = {4D18D08D-BC60-423C-B528-72A40625062D}
	EndGlobalSection
EndGlobal
